
Microsoft Visual Studio Solution File, Format Version 12.00
# Visual Studio Version 17
VisualStudioVersion = 17.0.31912.275
MinimumVisualStudioVersion = 10.0.40219.1
Project("{8BC9CEB8-8B4A-11D0-8D11-00A0C91BC942}") = "QtWidgetsApplication1", "QtWidgetsApplication1\QtWidgetsApplication1.vcxproj", "{EFAF5140-A626-4929-8012-CC45A147BB7F}"
EndProject
Global
	GlobalSection(SolutionConfigurationPlatforms) = preSolution
		Debug|x64 = Debug|x64
		Release|x64 = Release|x64
	EndGlobalSection
	GlobalSection(ProjectConfigurationPlatforms) = postSolution
		{EFAF5140-A626-4929-8012-CC45A147BB7F}.Debug|x64.ActiveCfg = Debug|x64
		{EFAF5140-A626-4929-8012-CC45A147BB7F}.Debug|x64.Build.0 = Debug|x64
		{EFAF5140-A626-4929-8012-CC45A147BB7F}.Release|x64.ActiveCfg = Release|x64
		{EFAF5140-A626-4929-8012-CC45A147BB7F}.Release|x64.Build.0 = Release|x64
	EndGlobalSection
	GlobalSection(SolutionProperties) = preSolution
		HideSolutionNode = FALSE
	EndGlobalSection
	GlobalSection(ExtensibilityGlobals) = postSolution
		SolutionGuid = {2AE5CFCE-E28A-43C8-84F0-742DA7C6BD8D}
	EndGlobalSection
EndGlobal
